
Microsoft Visual Studio Solution File, Format Version 12.00
# Visual Studio Version 16
VisualStudioVersion = 16.0.30907.101
MinimumVisualStudioVersion = 10.0.40219.1
Project("{FAE04EC0-301F-11D3-BF4B-00C04F79EFBC}") = "FacebookRegisterAndLogin", "FacebookRegisterAndLogin.csproj", "{7F24A425-0B28-49D4-BE6B-6857C46B77F8}"
EndProject
Global
	GlobalSection(SolutionConfigurationPlatforms) = preSolution
		Debug|Any CPU = Debug|Any CPU
		Release|Any CPU = Release|Any CPU
	EndGlobalSection
	GlobalSection(ProjectConfigurationPlatforms) = postSolution
		{7F24A425-0B28-49D4-BE6B-6857C46B77F8}.Debug|Any CPU.ActiveCfg = Debug|Any CPU
		{7F24A425-0B28-49D4-BE6B-6857C46B77F8}.Debug|Any CPU.Build.0 = Debug|Any CPU
		{7F24A425-0B28-49D4-BE6B-6857C46B77F8}.Release|Any CPU.ActiveCfg = Release|Any CPU
		{7F24A425-0B28-49D4-BE6B-6857C46B77F8}.Release|Any CPU.Build.0 = Release|Any CPU
	EndGlobalSection
	GlobalSection(SolutionProperties) = preSolution
		HideSolutionNode = FALSE
	EndGlobalSection
	GlobalSection(ExtensibilityGlobals) = postSolution
		SolutionGuid = {97143A07-0974-414E-AF59-A957645248E9}
	EndGlobalSection
EndGlobal
